
Microsoft Visual Studio Solution File, Format Version 12.00
# Visual Studio Version 17
VisualStudioVersion = 17.6.33815.320
MinimumVisualStudioVersion = 10.0.40219.1
Project("{FAE04EC0-301F-11D3-BF4B-00C04F79EFBC}") = "CRUD", "CRUD\CRUD.csproj", "{AB36C79B-AD4A-481B-B610-33F21FA7D09F}"
EndProject
Global
	GlobalSection(SolutionConfigurationPlatforms) = preSolution
		Debug|Any CPU = Debug|Any CPU
		Release|Any CPU = Release|Any CPU
	EndGlobalSection
	GlobalSection(ProjectConfigurationPlatforms) = postSolution
		{AB36C79B-AD4A-481B-B610-33F21FA7D09F}.Debug|Any CPU.ActiveCfg = Debug|Any CPU
		{AB36C79B-AD4A-481B-B610-33F21FA7D09F}.Debug|Any CPU.Build.0 = Debug|Any CPU
		{AB36C79B-AD4A-481B-B610-33F21FA7D09F}.Release|Any CPU.ActiveCfg = Release|Any CPU
		{AB36C79B-AD4A-481B-B610-33F21FA7D09F}.Release|Any CPU.Build.0 = Release|Any CPU
	EndGlobalSection
	GlobalSection(SolutionProperties) = preSolution
		HideSolutionNode = FALSE
	EndGlobalSection
	GlobalSection(ExtensibilityGlobals) = postSolution
		SolutionGuid = {721807C9-D902-4FE5-9947-88657D949128}
	EndGlobalSection
EndGlobal
